<?xml version="1.0" encoding="utf-8"?>
<Project ToolsVersion="4.0" xmlns="http://schemas.microsoft.com/developer/msbuild/2003">
  <ItemGroup>
    <Filter Include="Source Files">
      <UniqueIdentifier>{4FC737F1-C7A5-4376-A066-2A32D752A2FF}</UniqueIdentifier>
      <Extensions>cpp;c;cc;cxx;c++;cppm;ixx;def;odl;idl;hpj;bat;asm;asmx</Extensions>
    </Filter>
    <Filter Include="Header Files">
      <UniqueIdentifier>{93995380-89BD-4b04-88EB-625FBE52EBFB}</UniqueIdentifier>
      <Extensions>h;hh;hpp;hxx;h++;hm;inl;inc;ipp;xsd</Extensions>
    </Filter>
    <Filter Include="Resource Files">
      <UniqueIdentifier>{67DA6AB6-F800-4c08-8B7A-83BB121AAD01}</UniqueIdentifier>
      <Extensions>rc;ico;cur;bmp;dlg;rc2;rct;bin;rgs;gif;jpg;jpeg;jpe;resx;tiff;tif;png;wav;mfcribbon-ms</Extensions>
    </Filter>
  </ItemGroup>
  <ItemGroup>
    <ClInclude Include="framework.h">
      <Filter>Header Files</Filter>
    </ClInclude>
    <ClInclude Include="Server\Public\GameMode.h">
      <Filter>Header Files</Filter>
    </ClInclude>
    <ClInclude Include="Server\SDK\PropertyFixup.hpp">
      <Filter>Header Files</Filter>
    </ClInclude>
    <ClInclude Include="Server\SDK\SDK.hpp">
      <Filter>Header Files</Filter>
    </ClInclude>
    <ClInclude Include="Server\SDK\UnrealContainers.hpp">
      <Filter>Header Files</Filter>
    </ClInclude>
    <ClInclude Include="Server\SDK\UtfN.hpp">
      <Filter>Header Files</Filter>
    </ClInclude>
    <ClInclude Include="MinHook.h">
      <Filter>Header Files</Filter>
    </ClInclude>
    <ClInclude Include="Server\Public\NetDriver.h">
      <Filter>Header Files</Filter>
    </ClInclude>
    <ClInclude Include="Server\Public\Player.h">
      <Filter>Header Files</Filter>
    </ClInclude>
    <ClInclude Include="Server\Public\Abilities.h">
      <Filter>Header Files</Filter>
    </ClInclude>
    <ClInclude Include="Server\Public\FortInventory.h">
      <Filter>Header Files</Filter>
    </ClInclude>
    <ClInclude Include="Server\Public\Looting.h">
      <Filter>Header Files</Filter>
    </ClInclude>
    <ClInclude Include="Server\Public\LootPool.h">
      <Filter>Header Files</Filter>
    </ClInclude>
    <ClInclude Include="Server\curl\curl.h">
      <Filter>Header Files</Filter>
    </ClInclude>
    <ClInclude Include="Server\curl\curlver.h">
      <Filter>Header Files</Filter>
    </ClInclude>
    <ClInclude Include="Server\curl\easy.h">
      <Filter>Header Files</Filter>
    </ClInclude>
    <ClInclude Include="Server\curl\header.h">
      <Filter>Header Files</Filter>
    </ClInclude>
    <ClInclude Include="Server\curl\mprintf.h">
      <Filter>Header Files</Filter>
    </ClInclude>
    <ClInclude Include="Server\curl\multi.h">
      <Filter>Header Files</Filter>
    </ClInclude>
    <ClInclude Include="Server\curl\options.h">
      <Filter>Header Files</Filter>
    </ClInclude>
    <ClInclude Include="Server\curl\stdcheaders.h">
      <Filter>Header Files</Filter>
    </ClInclude>
    <ClInclude Include="Server\curl\system.h">
      <Filter>Header Files</Filter>
    </ClInclude>
    <ClInclude Include="Server\curl\typecheck-gcc.h">
      <Filter>Header Files</Filter>
    </ClInclude>
    <ClInclude Include="Server\curl\urlapi.h">
      <Filter>Header Files</Filter>
    </ClInclude>
    <ClInclude Include="Server\curl\websockets.h">
      <Filter>Header Files</Filter>
    </ClInclude>
    <ClInclude Include="Server\Public\requests.h">
      <Filter>Header Files</Filter>
    </ClInclude>
    <ClInclude Include="Server\Public\xp.h">
      <Filter>Header Files</Filter>
    </ClInclude>
    <ClInclude Include="Server\Public\httpclient.h">
      <Filter>Header Files</Filter>
    </ClInclude>
    <ClInclude Include="Server\Public\uuid.h">
      <Filter>Header Files</Filter>
    </ClInclude>
    <ClInclude Include="Server\Public\LateGame.h">
      <Filter>Header Files</Filter>
    </ClInclude>
    <ClInclude Include="Server\Public\Reloading.h">
      <Filter>Header Files</Filter>
    </ClInclude>
    <ClInclude Include="Server\Public\Bosses.h">
      <Filter>Header Files</Filter>
    </ClInclude>
  </ItemGroup>
  <ItemGroup>
    <ClCompile Include="dllmain.cpp">
      <Filter>Source Files</Filter>
    </ClCompile>
    <ClCompile Include="Server\Private\GameMode.cpp">
      <Filter>Source Files</Filter>
    </ClCompile>
    <ClCompile Include="Server\SDK\SDK\Basic.cpp">
      <Filter>Source Files</Filter>
    </ClCompile>
    <ClCompile Include="Server\SDK\SDK\CoreUObject_functions.cpp">
      <Filter>Source Files</Filter>
    </ClCompile>
    <ClCompile Include="Server\SDK\SDK\Engine_functions.cpp">
      <Filter>Source Files</Filter>
    </ClCompile>
    <ClCompile Include="Server\SDK\SDK\FortniteGame_functions.cpp">
      <Filter>Source Files</Filter>
    </ClCompile>
    <ClCompile Include="Server\SDK\SDK\GameplayAbilities_functions.cpp">
      <Filter>Source Files</Filter>
    </ClCompile>
    <ClCompile Include="Server\Private\NetDriver.cpp">
      <Filter>Source Files</Filter>
    </ClCompile>
    <ClCompile Include="Server\Private\Player.cpp">
      <Filter>Source Files</Filter>
    </ClCompile>
    <ClCompile Include="Server\Private\Abilities.cpp">
      <Filter>Source Files</Filter>
    </ClCompile>
    <ClCompile Include="Server\Private\FortInventory.cpp">
      <Filter>Source Files</Filter>
    </ClCompile>
    <ClCompile Include="Server\Private\xp.cpp">
      <Filter>Source Files</Filter>
    </ClCompile>
    <ClCompile Include="Server\Private\Reloading.cpp">
      <Filter>Source Files</Filter>
    </ClCompile>
  </ItemGroup>
  <ItemGroup>
    <None Include="Server\SDK\NameCollisions.inl">
      <Filter>Header Files</Filter>
    </None>
  </ItemGroup>
  <ItemGroup>
    <Library Include="minhook.lib" />
    <Library Include="Server\curl\libcurl.lib" />
  </ItemGroup>
</Project>